
Microsoft Visual Studio Solution File, Format Version 12.00
# Visual Studio Version 17
VisualStudioVersion = 17.5.33530.505
MinimumVisualStudioVersion = 10.0.40219.1
Project("{FAE04EC0-301F-11D3-BF4B-00C04F79EFBC}") = "FinanceWasmApp.Server", "Server\FinanceWasmApp.Server.csproj", "{B153588B-FF6A-45D0-982E-59D6B89518BD}"
EndProject
Project("{FAE04EC0-301F-11D3-BF4B-00C04F79EFBC}") = "FinanceWasmApp.Client", "Client\FinanceWasmApp.Client.csproj", "{2A32086A-7C61-4D1D-8C4F-191ED2EFA6C5}"
EndProject
Project("{FAE04EC0-301F-11D3-BF4B-00C04F79EFBC}") = "FinanceWasmApp.Shared", "Shared\FinanceWasmApp.Shared.csproj", "{595597E5-6D7F-4AE6-AE3A-49F8B6883145}"
EndProject
Global
	GlobalSection(SolutionConfigurationPlatforms) = preSolution
		Debug|Any CPU = Debug|Any CPU
		Release|Any CPU = Release|Any CPU
	EndGlobalSection
	GlobalSection(ProjectConfigurationPlatforms) = postSolution
		{B153588B-FF6A-45D0-982E-59D6B89518BD}.Debug|Any CPU.ActiveCfg = Debug|Any CPU
		{B153588B-FF6A-45D0-982E-59D6B89518BD}.Debug|Any CPU.Build.0 = Debug|Any CPU
		{B153588B-FF6A-45D0-982E-59D6B89518BD}.Release|Any CPU.ActiveCfg = Release|Any CPU
		{B153588B-FF6A-45D0-982E-59D6B89518BD}.Release|Any CPU.Build.0 = Release|Any CPU
		{2A32086A-7C61-4D1D-8C4F-191ED2EFA6C5}.Debug|Any CPU.ActiveCfg = Debug|Any CPU
		{2A32086A-7C61-4D1D-8C4F-191ED2EFA6C5}.Debug|Any CPU.Build.0 = Debug|Any CPU
		{2A32086A-7C61-4D1D-8C4F-191ED2EFA6C5}.Release|Any CPU.ActiveCfg = Release|Any CPU
		{2A32086A-7C61-4D1D-8C4F-191ED2EFA6C5}.Release|Any CPU.Build.0 = Release|Any CPU
		{595597E5-6D7F-4AE6-AE3A-49F8B6883145}.Debug|Any CPU.ActiveCfg = Debug|Any CPU
		{595597E5-6D7F-4AE6-AE3A-49F8B6883145}.Debug|Any CPU.Build.0 = Debug|Any CPU
		{595597E5-6D7F-4AE6-AE3A-49F8B6883145}.Release|Any CPU.ActiveCfg = Release|Any CPU
		{595597E5-6D7F-4AE6-AE3A-49F8B6883145}.Release|Any CPU.Build.0 = Release|Any CPU
	EndGlobalSection
	GlobalSection(SolutionProperties) = preSolution
		HideSolutionNode = FALSE
	EndGlobalSection
	GlobalSection(ExtensibilityGlobals) = postSolution
		SolutionGuid = {1E802F5A-C7E2-484D-BB5C-CA418FE46277}
	EndGlobalSection
EndGlobal
